
Microsoft Visual Studio Solution File, Format Version 12.00
# Visual Studio Version 17
VisualStudioVersion = 17.4.33205.214
MinimumVisualStudioVersion = 10.0.40219.1
Project("{9A19103F-16F7-4668-BE54-9A1E7A4F7556}") = "Matritzi", "Matritzi.csproj", "{DDBE6B01-DD78-43FE-9B34-3DBC095755C5}"
EndProject
Project("{54435603-DBB4-11D2-8724-00A0C9A8B90C}") = "LinAl", "..\LinAl\LinAl.vdproj", "{EFD669C2-7076-4430-831D-E2D03FDBD228}"
EndProject
Global
	GlobalSection(SolutionConfigurationPlatforms) = preSolution
		Debug|Any CPU = Debug|Any CPU
		Release|Any CPU = Release|Any CPU
	EndGlobalSection
	GlobalSection(ProjectConfigurationPlatforms) = postSolution
		{DDBE6B01-DD78-43FE-9B34-3DBC095755C5}.Debug|Any CPU.ActiveCfg = Debug|Any CPU
		{DDBE6B01-DD78-43FE-9B34-3DBC095755C5}.Debug|Any CPU.Build.0 = Debug|Any CPU
		{DDBE6B01-DD78-43FE-9B34-3DBC095755C5}.Release|Any CPU.ActiveCfg = Release|Any CPU
		{DDBE6B01-DD78-43FE-9B34-3DBC095755C5}.Release|Any CPU.Build.0 = Release|Any CPU
		{EFD669C2-7076-4430-831D-E2D03FDBD228}.Debug|Any CPU.ActiveCfg = Debug
		{EFD669C2-7076-4430-831D-E2D03FDBD228}.Release|Any CPU.ActiveCfg = Release
	EndGlobalSection
	GlobalSection(SolutionProperties) = preSolution
		HideSolutionNode = FALSE
	EndGlobalSection
	GlobalSection(ExtensibilityGlobals) = postSolution
		SolutionGuid = {FB703073-2F61-4FC4-9240-9840C8EA1F1A}
	EndGlobalSection
EndGlobal
